
Microsoft Visual Studio Solution File, Format Version 12.00
# Visual Studio Version 17
VisualStudioVersion = 17.13.35825.156
MinimumVisualStudioVersion = 10.0.40219.1
Project("{2150E333-8FDC-42A3-9474-1A3956D46DE8}") = "강의2", "강의2", "{C8D5274F-AC00-46C7-1F8D-E88E81087A52}"
EndProject
Project("{8BC9CEB8-8B4A-11D0-8D11-00A0C91BC942}") = "type", "1주차\1주차.vcxproj", "{F5782E6A-883A-43E6-BF96-1233750AD422}"
EndProject
Project("{8BC9CEB8-8B4A-11D0-8D11-00A0C91BC942}") = "flag", "flag\flag.vcxproj", "{F304F41F-2127-457B-9F07-9E746BD2C931}"
EndProject
Project("{8BC9CEB8-8B4A-11D0-8D11-00A0C91BC942}") = "width", "width\width.vcxproj", "{A7254D27-9A33-4E72-AED7-46D564039437}"
EndProject
Project("{8BC9CEB8-8B4A-11D0-8D11-00A0C91BC942}") = "precision", "precision\precision.vcxproj", "{87CCA95B-90A3-4AA1-8DA4-3CC1B66DFC51}"
EndProject
Project("{8BC9CEB8-8B4A-11D0-8D11-00A0C91BC942}") = "length", "length\length.vcxproj", "{D6EE7870-D891-424A-B91E-C737AD6BB836}"
EndProject
Project("{8BC9CEB8-8B4A-11D0-8D11-00A0C91BC942}") = "exam1", "exam1\exam1.vcxproj", "{95533D85-0EA6-4249-88D5-9A8600ABB3B2}"
EndProject
Project("{8BC9CEB8-8B4A-11D0-8D11-00A0C91BC942}") = "exam2", "exam2\exam2.vcxproj", "{4CE06B31-E7C1-4099-B17B-2C61ECADE325}"
EndProject
Project("{2150E333-8FDC-42A3-9474-1A3956D46DE8}") = "exam3", "exam3", "{31757F93-7CC8-476A-97B5-C6E3B8EA8318}"
EndProject
Project("{8BC9CEB8-8B4A-11D0-8D11-00A0C91BC942}") = "입출력try", "try1\try1.vcxproj", "{CF9468BC-0491-450F-95C5-7D45648453B9}"
EndProject
Project("{8BC9CEB8-8B4A-11D0-8D11-00A0C91BC942}") = "입출력try2", "입출력try2\입출력try2.vcxproj", "{42126366-DE2B-44E4-80EA-F4F90DB23459}"
EndProject
Project("{8BC9CEB8-8B4A-11D0-8D11-00A0C91BC942}") = "string_filtering", "string_filtering\string_filtering.vcxproj", "{D84521B7-2BB3-47D6-8250-C57C6F7220C6}"
EndProject
Project("{8BC9CEB8-8B4A-11D0-8D11-00A0C91BC942}") = "scanfs", "scanfs\scanfs.vcxproj", "{244F424F-4E7A-4988-AABE-77745D3FAABF}"
EndProject
Project("{2150E333-8FDC-42A3-9474-1A3956D46DE8}") = "강의3", "강의3", "{09965BE9-86FA-4B7B-9343-964B3A63F01C}"
EndProject
Project("{8BC9CEB8-8B4A-11D0-8D11-00A0C91BC942}") = "연산자", "연산자\연산자.vcxproj", "{651D778D-878F-4A53-A002-42EAC1613529}"
EndProject
Project("{8BC9CEB8-8B4A-11D0-8D11-00A0C91BC942}") = "복합_대입_연산", "복합_대입_연산\복합_대입_연산.vcxproj", "{F1A55C6D-1D74-4853-AC62-9F0D2F0A21A9}"
EndProject
Project("{8BC9CEB8-8B4A-11D0-8D11-00A0C91BC942}") = "관계연산", "관계연산\관계연산.vcxproj", "{7CE98CF5-7EB9-4EDA-80D1-8F862F562DF7}"
EndProject
Project("{8BC9CEB8-8B4A-11D0-8D11-00A0C91BC942}") = "논리_연산자", "논리_연산자\논리_연산자.vcxproj", "{66BAD25A-BDFB-4421-AD60-BE10FD1F37BC}"
EndProject
Project("{8BC9CEB8-8B4A-11D0-8D11-00A0C91BC942}") = "조건연산자", "조건연산자\조건연산자.vcxproj", "{414D42E2-5E88-442A-9638-B88F247C07F6}"
EndProject
Project("{2150E333-8FDC-42A3-9474-1A3956D46DE8}") = "조건연산", "조건연산", "{8F89BADF-BBE3-4219-89F1-515C83507F51}"
EndProject
Project("{8BC9CEB8-8B4A-11D0-8D11-00A0C91BC942}") = "조건연산자2", "조건연산자2\조건연산자2.vcxproj", "{529E73ED-80FF-4FB4-8761-4BF92EC90883}"
EndProject
Project("{8BC9CEB8-8B4A-11D0-8D11-00A0C91BC942}") = "기타연산자", "기타연산자\기타연산자.vcxproj", "{3D56093D-DD49-485F-9C81-38E8C06CDD9A}"
EndProject
Project("{2150E333-8FDC-42A3-9474-1A3956D46DE8}") = "강의4", "강의4", "{2BBE9C90-FBF3-413D-8C13-2A2A16AE5948}"
EndProject
Project("{8BC9CEB8-8B4A-11D0-8D11-00A0C91BC942}") = "if조건문", "조건문\조건문.vcxproj", "{67135833-2A79-469E-8C5C-3E5A32FC324B}"
EndProject
Project("{2150E333-8FDC-42A3-9474-1A3956D46DE8}") = "조건문", "조건문", "{BE6725C9-D1F7-4E11-A6AB-337EB18FAC58}"
EndProject
Project("{8BC9CEB8-8B4A-11D0-8D11-00A0C91BC942}") = "elseif조건문", "elseif조건문\elseif조건문.vcxproj", "{5BE2C675-0CFB-4728-BF44-5B1FE1857393}"
EndProject
Project("{8BC9CEB8-8B4A-11D0-8D11-00A0C91BC942}") = "switch조건", "switch조건\switch조건.vcxproj", "{65AF7FA0-1A77-450B-AF32-C0E1EAA2528E}"
EndProject
Project("{2150E333-8FDC-42A3-9474-1A3956D46DE8}") = "반복문", "반복문", "{75FC1407-B47B-43B0-A696-49B0A0FA67CF}"
EndProject
Project("{8BC9CEB8-8B4A-11D0-8D11-00A0C91BC942}") = "for반복문", "for반복문\for반복문.vcxproj", "{DF1A7FDB-81C7-429B-8EDC-37BCF9EF4792}"
EndProject
Project("{8BC9CEB8-8B4A-11D0-8D11-00A0C91BC942}") = "for반복문2", "for반복문2\for반복문2.vcxproj", "{0EB4C54D-4BE7-49C4-AE32-E8E92364F015}"
EndProject
Project("{2150E333-8FDC-42A3-9474-1A3956D46DE8}") = "for", "for", "{602BB45E-971D-4C3D-ADEA-BF3991923EB7}"
EndProject
Project("{2150E333-8FDC-42A3-9474-1A3956D46DE8}") = "while", "while", "{6838EC46-2227-49E5-9F89-9BC082F80E71}"
EndProject
Project("{8BC9CEB8-8B4A-11D0-8D11-00A0C91BC942}") = "while반복문", "while반복문\while반복문.vcxproj", "{4DD2E196-D933-4F20-A7D5-206E99E885ED}"
EndProject
Project("{8BC9CEB8-8B4A-11D0-8D11-00A0C91BC942}") = "do_while반복문", "do_while조건\do_while조건.vcxproj", "{DBC7A782-0C43-4D2D-81F3-7A2DA8A93ABB}"
EndProject
Project("{8BC9CEB8-8B4A-11D0-8D11-00A0C91BC942}") = "팩토리얼", "팩토리얼\팩토리얼.vcxproj", "{B0CFD452-7B5A-4C74-AF82-B77C6BBA08FC}"
EndProject
Global
	GlobalSection(SolutionConfigurationPlatforms) = preSolution
		Debug|x64 = Debug|x64
		Debug|x86 = Debug|x86
		Release|x64 = Release|x64
		Release|x86 = Release|x86
	EndGlobalSection
	GlobalSection(ProjectConfigurationPlatforms) = postSolution
		{F5782E6A-883A-43E6-BF96-1233750AD422}.Debug|x64.ActiveCfg = Debug|x64
		{F5782E6A-883A-43E6-BF96-1233750AD422}.Debug|x64.Build.0 = Debug|x64
		{F5782E6A-883A-43E6-BF96-1233750AD422}.Debug|x86.ActiveCfg = Debug|Win32
		{F5782E6A-883A-43E6-BF96-1233750AD422}.Debug|x86.Build.0 = Debug|Win32
		{F5782E6A-883A-43E6-BF96-1233750AD422}.Release|x64.ActiveCfg = Release|x64
		{F5782E6A-883A-43E6-BF96-1233750AD422}.Release|x64.Build.0 = Release|x64
		{F5782E6A-883A-43E6-BF96-1233750AD422}.Release|x86.ActiveCfg = Release|Win32
		{F5782E6A-883A-43E6-BF96-1233750AD422}.Release|x86.Build.0 = Release|Win32
		{F304F41F-2127-457B-9F07-9E746BD2C931}.Debug|x64.ActiveCfg = Debug|x64
		{F304F41F-2127-457B-9F07-9E746BD2C931}.Debug|x64.Build.0 = Debug|x64
		{F304F41F-2127-457B-9F07-9E746BD2C931}.Debug|x86.ActiveCfg = Debug|Win32
		{F304F41F-2127-457B-9F07-9E746BD2C931}.Debug|x86.Build.0 = Debug|Win32
		{F304F41F-2127-457B-9F07-9E746BD2C931}.Release|x64.ActiveCfg = Release|x64
		{F304F41F-2127-457B-9F07-9E746BD2C931}.Release|x64.Build.0 = Release|x64
		{F304F41F-2127-457B-9F07-9E746BD2C931}.Release|x86.ActiveCfg = Release|Win32
		{F304F41F-2127-457B-9F07-9E746BD2C931}.Release|x86.Build.0 = Release|Win32
		{A7254D27-9A33-4E72-AED7-46D564039437}.Debug|x64.ActiveCfg = Debug|x64
		{A7254D27-9A33-4E72-AED7-46D564039437}.Debug|x64.Build.0 = Debug|x64
		{A7254D27-9A33-4E72-AED7-46D564039437}.Debug|x86.ActiveCfg = Debug|Win32
		{A7254D27-9A33-4E72-AED7-46D564039437}.Debug|x86.Build.0 = Debug|Win32
		{A7254D27-9A33-4E72-AED7-46D564039437}.Release|x64.ActiveCfg = Release|x64
		{A7254D27-9A33-4E72-AED7-46D564039437}.Release|x64.Build.0 = Release|x64
		{A7254D27-9A33-4E72-AED7-46D564039437}.Release|x86.ActiveCfg = Release|Win32
		{A7254D27-9A33-4E72-AED7-46D564039437}.Release|x86.Build.0 = Release|Win32
		{87CCA95B-90A3-4AA1-8DA4-3CC1B66DFC51}.Debug|x64.ActiveCfg = Debug|x64
		{87CCA95B-90A3-4AA1-8DA4-3CC1B66DFC51}.Debug|x64.Build.0 = Debug|x64
		{87CCA95B-90A3-4AA1-8DA4-3CC1B66DFC51}.Debug|x86.ActiveCfg = Debug|Win32
		{87CCA95B-90A3-4AA1-8DA4-3CC1B66DFC51}.Debug|x86.Build.0 = Debug|Win32
		{87CCA95B-90A3-4AA1-8DA4-3CC1B66DFC51}.Release|x64.ActiveCfg = Release|x64
		{87CCA95B-90A3-4AA1-8DA4-3CC1B66DFC51}.Release|x64.Build.0 = Release|x64
		{87CCA95B-90A3-4AA1-8DA4-3CC1B66DFC51}.Release|x86.ActiveCfg = Release|Win32
		{87CCA95B-90A3-4AA1-8DA4-3CC1B66DFC51}.Release|x86.Build.0 = Release|Win32
		{D6EE7870-D891-424A-B91E-C737AD6BB836}.Debug|x64.ActiveCfg = Debug|x64
		{D6EE7870-D891-424A-B91E-C737AD6BB836}.Debug|x64.Build.0 = Debug|x64
		{D6EE7870-D891-424A-B91E-C737AD6BB836}.Debug|x86.ActiveCfg = Debug|Win32
		{D6EE7870-D891-424A-B91E-C737AD6BB836}.Debug|x86.Build.0 = Debug|Win32
		{D6EE7870-D891-424A-B91E-C737AD6BB836}.Release|x64.ActiveCfg = Release|x64
		{D6EE7870-D891-424A-B91E-C737AD6BB836}.Release|x64.Build.0 = Release|x64
		{D6EE7870-D891-424A-B91E-C737AD6BB836}.Release|x86.ActiveCfg = Release|Win32
		{D6EE7870-D891-424A-B91E-C737AD6BB836}.Release|x86.Build.0 = Release|Win32
		{95533D85-0EA6-4249-88D5-9A8600ABB3B2}.Debug|x64.ActiveCfg = Debug|x64
		{95533D85-0EA6-4249-88D5-9A8600ABB3B2}.Debug|x64.Build.0 = Debug|x64
		{95533D85-0EA6-4249-88D5-9A8600ABB3B2}.Debug|x86.ActiveCfg = Debug|Win32
		{95533D85-0EA6-4249-88D5-9A8600ABB3B2}.Debug|x86.Build.0 = Debug|Win32
		{95533D85-0EA6-4249-88D5-9A8600ABB3B2}.Release|x64.ActiveCfg = Release|x64
		{95533D85-0EA6-4249-88D5-9A8600ABB3B2}.Release|x64.Build.0 = Release|x64
		{95533D85-0EA6-4249-88D5-9A8600ABB3B2}.Release|x86.ActiveCfg = Release|Win32
		{95533D85-0EA6-4249-88D5-9A8600ABB3B2}.Release|x86.Build.0 = Release|Win32
		{4CE06B31-E7C1-4099-B17B-2C61ECADE325}.Debug|x64.ActiveCfg = Debug|x64
		{4CE06B31-E7C1-4099-B17B-2C61ECADE325}.Debug|x64.Build.0 = Debug|x64
		{4CE06B31-E7C1-4099-B17B-2C61ECADE325}.Debug|x86.ActiveCfg = Debug|Win32
		{4CE06B31-E7C1-4099-B17B-2C61ECADE325}.Debug|x86.Build.0 = Debug|Win32
		{4CE06B31-E7C1-4099-B17B-2C61ECADE325}.Release|x64.ActiveCfg = Release|x64
		{4CE06B31-E7C1-4099-B17B-2C61ECADE325}.Release|x64.Build.0 = Release|x64
		{4CE06B31-E7C1-4099-B17B-2C61ECADE325}.Release|x86.ActiveCfg = Release|Win32
		{4CE06B31-E7C1-4099-B17B-2C61ECADE325}.Release|x86.Build.0 = Release|Win32
		{CF9468BC-0491-450F-95C5-7D45648453B9}.Debug|x64.ActiveCfg = Debug|x64
		{CF9468BC-0491-450F-95C5-7D45648453B9}.Debug|x64.Build.0 = Debug|x64
		{CF9468BC-0491-450F-95C5-7D45648453B9}.Debug|x86.ActiveCfg = Debug|Win32
		{CF9468BC-0491-450F-95C5-7D45648453B9}.Debug|x86.Build.0 = Debug|Win32
		{CF9468BC-0491-450F-95C5-7D45648453B9}.Release|x64.ActiveCfg = Release|x64
		{CF9468BC-0491-450F-95C5-7D45648453B9}.Release|x64.Build.0 = Release|x64
		{CF9468BC-0491-450F-95C5-7D45648453B9}.Release|x86.ActiveCfg = Release|Win32
		{CF9468BC-0491-450F-95C5-7D45648453B9}.Release|x86.Build.0 = Release|Win32
		{42126366-DE2B-44E4-80EA-F4F90DB23459}.Debug|x64.ActiveCfg = Debug|x64
		{42126366-DE2B-44E4-80EA-F4F90DB23459}.Debug|x64.Build.0 = Debug|x64
		{42126366-DE2B-44E4-80EA-F4F90DB23459}.Debug|x86.ActiveCfg = Debug|Win32
		{42126366-DE2B-44E4-80EA-F4F90DB23459}.Debug|x86.Build.0 = Debug|Win32
		{42126366-DE2B-44E4-80EA-F4F90DB23459}.Release|x64.ActiveCfg = Release|x64
		{42126366-DE2B-44E4-80EA-F4F90DB23459}.Release|x64.Build.0 = Release|x64
		{42126366-DE2B-44E4-80EA-F4F90DB23459}.Release|x86.ActiveCfg = Release|Win32
		{42126366-DE2B-44E4-80EA-F4F90DB23459}.Release|x86.Build.0 = Release|Win32
		{D84521B7-2BB3-47D6-8250-C57C6F7220C6}.Debug|x64.ActiveCfg = Debug|x64
		{D84521B7-2BB3-47D6-8250-C57C6F7220C6}.Debug|x64.Build.0 = Debug|x64
		{D84521B7-2BB3-47D6-8250-C57C6F7220C6}.Debug|x86.ActiveCfg = Debug|Win32
		{D84521B7-2BB3-47D6-8250-C57C6F7220C6}.Debug|x86.Build.0 = Debug|Win32
		{D84521B7-2BB3-47D6-8250-C57C6F7220C6}.Release|x64.ActiveCfg = Release|x64
		{D84521B7-2BB3-47D6-8250-C57C6F7220C6}.Release|x64.Build.0 = Release|x64
		{D84521B7-2BB3-47D6-8250-C57C6F7220C6}.Release|x86.ActiveCfg = Release|Win32
		{D84521B7-2BB3-47D6-8250-C57C6F7220C6}.Release|x86.Build.0 = Release|Win32
		{244F424F-4E7A-4988-AABE-77745D3FAABF}.Debug|x64.ActiveCfg = Debug|x64
		{244F424F-4E7A-4988-AABE-77745D3FAABF}.Debug|x64.Build.0 = Debug|x64
		{244F424F-4E7A-4988-AABE-77745D3FAABF}.Debug|x86.ActiveCfg = Debug|Win32
		{244F424F-4E7A-4988-AABE-77745D3FAABF}.Debug|x86.Build.0 = Debug|Win32
		{244F424F-4E7A-4988-AABE-77745D3FAABF}.Release|x64.ActiveCfg = Release|x64
		{244F424F-4E7A-4988-AABE-77745D3FAABF}.Release|x64.Build.0 = Release|x64
		{244F424F-4E7A-4988-AABE-77745D3FAABF}.Release|x86.ActiveCfg = Release|Win32
		{244F424F-4E7A-4988-AABE-77745D3FAABF}.Release|x86.Build.0 = Release|Win32
		{651D778D-878F-4A53-A002-42EAC1613529}.Debug|x64.ActiveCfg = Debug|x64
		{651D778D-878F-4A53-A002-42EAC1613529}.Debug|x64.Build.0 = Debug|x64
		{651D778D-878F-4A53-A002-42EAC1613529}.Debug|x86.ActiveCfg = Debug|Win32
		{651D778D-878F-4A53-A002-42EAC1613529}.Debug|x86.Build.0 = Debug|Win32
		{651D778D-878F-4A53-A002-42EAC1613529}.Release|x64.ActiveCfg = Release|x64
		{651D778D-878F-4A53-A002-42EAC1613529}.Release|x64.Build.0 = Release|x64
		{651D778D-878F-4A53-A002-42EAC1613529}.Release|x86.ActiveCfg = Release|Win32
		{651D778D-878F-4A53-A002-42EAC1613529}.Release|x86.Build.0 = Release|Win32
		{F1A55C6D-1D74-4853-AC62-9F0D2F0A21A9}.Debug|x64.ActiveCfg = Debug|x64
		{F1A55C6D-1D74-4853-AC62-9F0D2F0A21A9}.Debug|x64.Build.0 = Debug|x64
		{F1A55C6D-1D74-4853-AC62-9F0D2F0A21A9}.Debug|x86.ActiveCfg = Debug|Win32
		{F1A55C6D-1D74-4853-AC62-9F0D2F0A21A9}.Debug|x86.Build.0 = Debug|Win32
		{F1A55C6D-1D74-4853-AC62-9F0D2F0A21A9}.Release|x64.ActiveCfg = Release|x64
		{F1A55C6D-1D74-4853-AC62-9F0D2F0A21A9}.Release|x64.Build.0 = Release|x64
		{F1A55C6D-1D74-4853-AC62-9F0D2F0A21A9}.Release|x86.ActiveCfg = Release|Win32
		{F1A55C6D-1D74-4853-AC62-9F0D2F0A21A9}.Release|x86.Build.0 = Release|Win32
		{7CE98CF5-7EB9-4EDA-80D1-8F862F562DF7}.Debug|x64.ActiveCfg = Debug|x64
		{7CE98CF5-7EB9-4EDA-80D1-8F862F562DF7}.Debug|x64.Build.0 = Debug|x64
		{7CE98CF5-7EB9-4EDA-80D1-8F862F562DF7}.Debug|x86.ActiveCfg = Debug|Win32
		{7CE98CF5-7EB9-4EDA-80D1-8F862F562DF7}.Debug|x86.Build.0 = Debug|Win32
		{7CE98CF5-7EB9-4EDA-80D1-8F862F562DF7}.Release|x64.ActiveCfg = Release|x64
		{7CE98CF5-7EB9-4EDA-80D1-8F862F562DF7}.Release|x64.Build.0 = Release|x64
		{7CE98CF5-7EB9-4EDA-80D1-8F862F562DF7}.Release|x86.ActiveCfg = Release|Win32
		{7CE98CF5-7EB9-4EDA-80D1-8F862F562DF7}.Release|x86.Build.0 = Release|Win32
		{66BAD25A-BDFB-4421-AD60-BE10FD1F37BC}.Debug|x64.ActiveCfg = Debug|x64
		{66BAD25A-BDFB-4421-AD60-BE10FD1F37BC}.Debug|x64.Build.0 = Debug|x64
		{66BAD25A-BDFB-4421-AD60-BE10FD1F37BC}.Debug|x86.ActiveCfg = Debug|Win32
		{66BAD25A-BDFB-4421-AD60-BE10FD1F37BC}.Debug|x86.Build.0 = Debug|Win32
		{66BAD25A-BDFB-4421-AD60-BE10FD1F37BC}.Release|x64.ActiveCfg = Release|x64
		{66BAD25A-BDFB-4421-AD60-BE10FD1F37BC}.Release|x64.Build.0 = Release|x64
		{66BAD25A-BDFB-4421-AD60-BE10FD1F37BC}.Release|x86.ActiveCfg = Release|Win32
		{66BAD25A-BDFB-4421-AD60-BE10FD1F37BC}.Release|x86.Build.0 = Release|Win32
		{414D42E2-5E88-442A-9638-B88F247C07F6}.Debug|x64.ActiveCfg = Debug|x64
		{414D42E2-5E88-442A-9638-B88F247C07F6}.Debug|x64.Build.0 = Debug|x64
		{414D42E2-5E88-442A-9638-B88F247C07F6}.Debug|x86.ActiveCfg = Debug|Win32
		{414D42E2-5E88-442A-9638-B88F247C07F6}.Debug|x86.Build.0 = Debug|Win32
		{414D42E2-5E88-442A-9638-B88F247C07F6}.Release|x64.ActiveCfg = Release|x64
		{414D42E2-5E88-442A-9638-B88F247C07F6}.Release|x64.Build.0 = Release|x64
		{414D42E2-5E88-442A-9638-B88F247C07F6}.Release|x86.ActiveCfg = Release|Win32
		{414D42E2-5E88-442A-9638-B88F247C07F6}.Release|x86.Build.0 = Release|Win32
		{529E73ED-80FF-4FB4-8761-4BF92EC90883}.Debug|x64.ActiveCfg = Debug|x64
		{529E73ED-80FF-4FB4-8761-4BF92EC90883}.Debug|x64.Build.0 = Debug|x64
		{529E73ED-80FF-4FB4-8761-4BF92EC90883}.Debug|x86.ActiveCfg = Debug|Win32
		{529E73ED-80FF-4FB4-8761-4BF92EC90883}.Debug|x86.Build.0 = Debug|Win32
		{529E73ED-80FF-4FB4-8761-4BF92EC90883}.Release|x64.ActiveCfg = Release|x64
		{529E73ED-80FF-4FB4-8761-4BF92EC90883}.Release|x64.Build.0 = Release|x64
		{529E73ED-80FF-4FB4-8761-4BF92EC90883}.Release|x86.ActiveCfg = Release|Win32
		{529E73ED-80FF-4FB4-8761-4BF92EC90883}.Release|x86.Build.0 = Release|Win32
		{3D56093D-DD49-485F-9C81-38E8C06CDD9A}.Debug|x64.ActiveCfg = Debug|x64
		{3D56093D-DD49-485F-9C81-38E8C06CDD9A}.Debug|x64.Build.0 = Debug|x64
		{3D56093D-DD49-485F-9C81-38E8C06CDD9A}.Debug|x86.ActiveCfg = Debug|Win32
		{3D56093D-DD49-485F-9C81-38E8C06CDD9A}.Debug|x86.Build.0 = Debug|Win32
		{3D56093D-DD49-485F-9C81-38E8C06CDD9A}.Release|x64.ActiveCfg = Release|x64
		{3D56093D-DD49-485F-9C81-38E8C06CDD9A}.Release|x64.Build.0 = Release|x64
		{3D56093D-DD49-485F-9C81-38E8C06CDD9A}.Release|x86.ActiveCfg = Release|Win32
		{3D56093D-DD49-485F-9C81-38E8C06CDD9A}.Release|x86.Build.0 = Release|Win32
		{67135833-2A79-469E-8C5C-3E5A32FC324B}.Debug|x64.ActiveCfg = Debug|x64
		{67135833-2A79-469E-8C5C-3E5A32FC324B}.Debug|x64.Build.0 = Debug|x64
		{67135833-2A79-469E-8C5C-3E5A32FC324B}.Debug|x86.ActiveCfg = Debug|Win32
		{67135833-2A79-469E-8C5C-3E5A32FC324B}.Debug|x86.Build.0 = Debug|Win32
		{67135833-2A79-469E-8C5C-3E5A32FC324B}.Release|x64.ActiveCfg = Release|x64
		{67135833-2A79-469E-8C5C-3E5A32FC324B}.Release|x64.Build.0 = Release|x64
		{67135833-2A79-469E-8C5C-3E5A32FC324B}.Release|x86.ActiveCfg = Release|Win32
		{67135833-2A79-469E-8C5C-3E5A32FC324B}.Release|x86.Build.0 = Release|Win32
		{5BE2C675-0CFB-4728-BF44-5B1FE1857393}.Debug|x64.ActiveCfg = Debug|x64
		{5BE2C675-0CFB-4728-BF44-5B1FE1857393}.Debug|x64.Build.0 = Debug|x64
		{5BE2C675-0CFB-4728-BF44-5B1FE1857393}.Debug|x86.ActiveCfg = Debug|Win32
		{5BE2C675-0CFB-4728-BF44-5B1FE1857393}.Debug|x86.Build.0 = Debug|Win32
		{5BE2C675-0CFB-4728-BF44-5B1FE1857393}.Release|x64.ActiveCfg = Release|x64
		{5BE2C675-0CFB-4728-BF44-5B1FE1857393}.Release|x64.Build.0 = Release|x64
		{5BE2C675-0CFB-4728-BF44-5B1FE1857393}.Release|x86.ActiveCfg = Release|Win32
		{5BE2C675-0CFB-4728-BF44-5B1FE1857393}.Release|x86.Build.0 = Release|Win32
		{65AF7FA0-1A77-450B-AF32-C0E1EAA2528E}.Debug|x64.ActiveCfg = Debug|x64
		{65AF7FA0-1A77-450B-AF32-C0E1EAA2528E}.Debug|x64.Build.0 = Debug|x64
		{65AF7FA0-1A77-450B-AF32-C0E1EAA2528E}.Debug|x86.ActiveCfg = Debug|Win32
		{65AF7FA0-1A77-450B-AF32-C0E1EAA2528E}.Debug|x86.Build.0 = Debug|Win32
		{65AF7FA0-1A77-450B-AF32-C0E1EAA2528E}.Release|x64.ActiveCfg = Release|x64
		{65AF7FA0-1A77-450B-AF32-C0E1EAA2528E}.Release|x64.Build.0 = Release|x64
		{65AF7FA0-1A77-450B-AF32-C0E1EAA2528E}.Release|x86.ActiveCfg = Release|Win32
		{65AF7FA0-1A77-450B-AF32-C0E1EAA2528E}.Release|x86.Build.0 = Release|Win32
		{DF1A7FDB-81C7-429B-8EDC-37BCF9EF4792}.Debug|x64.ActiveCfg = Debug|x64
		{DF1A7FDB-81C7-429B-8EDC-37BCF9EF4792}.Debug|x64.Build.0 = Debug|x64
		{DF1A7FDB-81C7-429B-8EDC-37BCF9EF4792}.Debug|x86.ActiveCfg = Debug|Win32
		{DF1A7FDB-81C7-429B-8EDC-37BCF9EF4792}.Debug|x86.Build.0 = Debug|Win32
		{DF1A7FDB-81C7-429B-8EDC-37BCF9EF4792}.Release|x64.ActiveCfg = Release|x64
		{DF1A7FDB-81C7-429B-8EDC-37BCF9EF4792}.Release|x64.Build.0 = Release|x64
		{DF1A7FDB-81C7-429B-8EDC-37BCF9EF4792}.Release|x86.ActiveCfg = Release|Win32
		{DF1A7FDB-81C7-429B-8EDC-37BCF9EF4792}.Release|x86.Build.0 = Release|Win32
		{0EB4C54D-4BE7-49C4-AE32-E8E92364F015}.Debug|x64.ActiveCfg = Debug|x64
		{0EB4C54D-4BE7-49C4-AE32-E8E92364F015}.Debug|x64.Build.0 = Debug|x64
		{0EB4C54D-4BE7-49C4-AE32-E8E92364F015}.Debug|x86.ActiveCfg = Debug|Win32
		{0EB4C54D-4BE7-49C4-AE32-E8E92364F015}.Debug|x86.Build.0 = Debug|Win32
		{0EB4C54D-4BE7-49C4-AE32-E8E92364F015}.Release|x64.ActiveCfg = Release|x64
		{0EB4C54D-4BE7-49C4-AE32-E8E92364F015}.Release|x64.Build.0 = Release|x64
		{0EB4C54D-4BE7-49C4-AE32-E8E92364F015}.Release|x86.ActiveCfg = Release|Win32
		{0EB4C54D-4BE7-49C4-AE32-E8E92364F015}.Release|x86.Build.0 = Release|Win32
		{4DD2E196-D933-4F20-A7D5-206E99E885ED}.Debug|x64.ActiveCfg = Debug|x64
		{4DD2E196-D933-4F20-A7D5-206E99E885ED}.Debug|x64.Build.0 = Debug|x64
		{4DD2E196-D933-4F20-A7D5-206E99E885ED}.Debug|x86.ActiveCfg = Debug|Win32
		{4DD2E196-D933-4F20-A7D5-206E99E885ED}.Debug|x86.Build.0 = Debug|Win32
		{4DD2E196-D933-4F20-A7D5-206E99E885ED}.Release|x64.ActiveCfg = Release|x64
		{4DD2E196-D933-4F20-A7D5-206E99E885ED}.Release|x64.Build.0 = Release|x64
		{4DD2E196-D933-4F20-A7D5-206E99E885ED}.Release|x86.ActiveCfg = Release|Win32
		{4DD2E196-D933-4F20-A7D5-206E99E885ED}.Release|x86.Build.0 = Release|Win32
		{DBC7A782-0C43-4D2D-81F3-7A2DA8A93ABB}.Debug|x64.ActiveCfg = Debug|x64
		{DBC7A782-0C43-4D2D-81F3-7A2DA8A93ABB}.Debug|x64.Build.0 = Debug|x64
		{DBC7A782-0C43-4D2D-81F3-7A2DA8A93ABB}.Debug|x86.ActiveCfg = Debug|Win32
		{DBC7A782-0C43-4D2D-81F3-7A2DA8A93ABB}.Debug|x86.Build.0 = Debug|Win32
		{DBC7A782-0C43-4D2D-81F3-7A2DA8A93ABB}.Release|x64.ActiveCfg = Release|x64
		{DBC7A782-0C43-4D2D-81F3-7A2DA8A93ABB}.Release|x64.Build.0 = Release|x64
		{DBC7A782-0C43-4D2D-81F3-7A2DA8A93ABB}.Release|x86.ActiveCfg = Release|Win32
		{DBC7A782-0C43-4D2D-81F3-7A2DA8A93ABB}.Release|x86.Build.0 = Release|Win32
		{B0CFD452-7B5A-4C74-AF82-B77C6BBA08FC}.Debug|x64.ActiveCfg = Debug|x64
		{B0CFD452-7B5A-4C74-AF82-B77C6BBA08FC}.Debug|x64.Build.0 = Debug|x64
		{B0CFD452-7B5A-4C74-AF82-B77C6BBA08FC}.Debug|x86.ActiveCfg = Debug|Win32
		{B0CFD452-7B5A-4C74-AF82-B77C6BBA08FC}.Debug|x86.Build.0 = Debug|Win32
		{B0CFD452-7B5A-4C74-AF82-B77C6BBA08FC}.Release|x64.ActiveCfg = Release|x64
		{B0CFD452-7B5A-4C74-AF82-B77C6BBA08FC}.Release|x64.Build.0 = Release|x64
		{B0CFD452-7B5A-4C74-AF82-B77C6BBA08FC}.Release|x86.ActiveCfg = Release|Win32
		{B0CFD452-7B5A-4C74-AF82-B77C6BBA08FC}.Release|x86.Build.0 = Release|Win32
	EndGlobalSection
	GlobalSection(SolutionProperties) = preSolution
		HideSolutionNode = FALSE
	EndGlobalSection
	GlobalSection(NestedProjects) = preSolution
		{F5782E6A-883A-43E6-BF96-1233750AD422} = {C8D5274F-AC00-46C7-1F8D-E88E81087A52}
		{F304F41F-2127-457B-9F07-9E746BD2C931} = {C8D5274F-AC00-46C7-1F8D-E88E81087A52}
		{A7254D27-9A33-4E72-AED7-46D564039437} = {C8D5274F-AC00-46C7-1F8D-E88E81087A52}
		{87CCA95B-90A3-4AA1-8DA4-3CC1B66DFC51} = {C8D5274F-AC00-46C7-1F8D-E88E81087A52}
		{D6EE7870-D891-424A-B91E-C737AD6BB836} = {C8D5274F-AC00-46C7-1F8D-E88E81087A52}
		{95533D85-0EA6-4249-88D5-9A8600ABB3B2} = {C8D5274F-AC00-46C7-1F8D-E88E81087A52}
		{4CE06B31-E7C1-4099-B17B-2C61ECADE325} = {C8D5274F-AC00-46C7-1F8D-E88E81087A52}
		{31757F93-7CC8-476A-97B5-C6E3B8EA8318} = {C8D5274F-AC00-46C7-1F8D-E88E81087A52}
		{CF9468BC-0491-450F-95C5-7D45648453B9} = {31757F93-7CC8-476A-97B5-C6E3B8EA8318}
		{42126366-DE2B-44E4-80EA-F4F90DB23459} = {31757F93-7CC8-476A-97B5-C6E3B8EA8318}
		{D84521B7-2BB3-47D6-8250-C57C6F7220C6} = {C8D5274F-AC00-46C7-1F8D-E88E81087A52}
		{244F424F-4E7A-4988-AABE-77745D3FAABF} = {C8D5274F-AC00-46C7-1F8D-E88E81087A52}
		{651D778D-878F-4A53-A002-42EAC1613529} = {09965BE9-86FA-4B7B-9343-964B3A63F01C}
		{F1A55C6D-1D74-4853-AC62-9F0D2F0A21A9} = {09965BE9-86FA-4B7B-9343-964B3A63F01C}
		{7CE98CF5-7EB9-4EDA-80D1-8F862F562DF7} = {09965BE9-86FA-4B7B-9343-964B3A63F01C}
		{66BAD25A-BDFB-4421-AD60-BE10FD1F37BC} = {09965BE9-86FA-4B7B-9343-964B3A63F01C}
		{414D42E2-5E88-442A-9638-B88F247C07F6} = {8F89BADF-BBE3-4219-89F1-515C83507F51}
		{8F89BADF-BBE3-4219-89F1-515C83507F51} = {09965BE9-86FA-4B7B-9343-964B3A63F01C}
		{529E73ED-80FF-4FB4-8761-4BF92EC90883} = {8F89BADF-BBE3-4219-89F1-515C83507F51}
		{3D56093D-DD49-485F-9C81-38E8C06CDD9A} = {09965BE9-86FA-4B7B-9343-964B3A63F01C}
		{67135833-2A79-469E-8C5C-3E5A32FC324B} = {BE6725C9-D1F7-4E11-A6AB-337EB18FAC58}
		{BE6725C9-D1F7-4E11-A6AB-337EB18FAC58} = {2BBE9C90-FBF3-413D-8C13-2A2A16AE5948}
		{5BE2C675-0CFB-4728-BF44-5B1FE1857393} = {BE6725C9-D1F7-4E11-A6AB-337EB18FAC58}
		{65AF7FA0-1A77-450B-AF32-C0E1EAA2528E} = {BE6725C9-D1F7-4E11-A6AB-337EB18FAC58}
		{75FC1407-B47B-43B0-A696-49B0A0FA67CF} = {2BBE9C90-FBF3-413D-8C13-2A2A16AE5948}
		{DF1A7FDB-81C7-429B-8EDC-37BCF9EF4792} = {602BB45E-971D-4C3D-ADEA-BF3991923EB7}
		{0EB4C54D-4BE7-49C4-AE32-E8E92364F015} = {602BB45E-971D-4C3D-ADEA-BF3991923EB7}
		{602BB45E-971D-4C3D-ADEA-BF3991923EB7} = {75FC1407-B47B-43B0-A696-49B0A0FA67CF}
		{6838EC46-2227-49E5-9F89-9BC082F80E71} = {75FC1407-B47B-43B0-A696-49B0A0FA67CF}
		{4DD2E196-D933-4F20-A7D5-206E99E885ED} = {6838EC46-2227-49E5-9F89-9BC082F80E71}
		{DBC7A782-0C43-4D2D-81F3-7A2DA8A93ABB} = {6838EC46-2227-49E5-9F89-9BC082F80E71}
		{B0CFD452-7B5A-4C74-AF82-B77C6BBA08FC} = {2BBE9C90-FBF3-413D-8C13-2A2A16AE5948}
	EndGlobalSection
	GlobalSection(ExtensibilityGlobals) = postSolution
		SolutionGuid = {C6A7695B-CFF9-4CEA-A1BD-0FCB1C2A878F}
	EndGlobalSection
EndGlobal
