
Microsoft Visual Studio Solution File, Format Version 12.00
# Visual Studio Version 17
VisualStudioVersion = 17.13.35825.156 d17.13
MinimumVisualStudioVersion = 10.0.40219.1
Project("{2150E333-8FDC-42A3-9474-1A3956D46DE8}") = "강의2", "강의2", "{C8D5274F-AC00-46C7-1F8D-E88E81087A52}"
EndProject
Project("{8BC9CEB8-8B4A-11D0-8D11-00A0C91BC942}") = "type", "1주차\1주차.vcxproj", "{F5782E6A-883A-43E6-BF96-1233750AD422}"
EndProject
Project("{8BC9CEB8-8B4A-11D0-8D11-00A0C91BC942}") = "flag", "flag\flag.vcxproj", "{F304F41F-2127-457B-9F07-9E746BD2C931}"
EndProject
Project("{8BC9CEB8-8B4A-11D0-8D11-00A0C91BC942}") = "width", "width\width.vcxproj", "{A7254D27-9A33-4E72-AED7-46D564039437}"
EndProject
Project("{8BC9CEB8-8B4A-11D0-8D11-00A0C91BC942}") = "precision", "precision\precision.vcxproj", "{87CCA95B-90A3-4AA1-8DA4-3CC1B66DFC51}"
EndProject
Project("{8BC9CEB8-8B4A-11D0-8D11-00A0C91BC942}") = "length", "length\length.vcxproj", "{D6EE7870-D891-424A-B91E-C737AD6BB836}"
EndProject
Project("{8BC9CEB8-8B4A-11D0-8D11-00A0C91BC942}") = "exam1", "exam1\exam1.vcxproj", "{95533D85-0EA6-4249-88D5-9A8600ABB3B2}"
EndProject
Project("{8BC9CEB8-8B4A-11D0-8D11-00A0C91BC942}") = "exam2", "exam2\exam2.vcxproj", "{4CE06B31-E7C1-4099-B17B-2C61ECADE325}"
EndProject
Project("{2150E333-8FDC-42A3-9474-1A3956D46DE8}") = "exam3", "exam3", "{31757F93-7CC8-476A-97B5-C6E3B8EA8318}"
EndProject
Project("{8BC9CEB8-8B4A-11D0-8D11-00A0C91BC942}") = "입출력try", "try1\try1.vcxproj", "{CF9468BC-0491-450F-95C5-7D45648453B9}"
EndProject
Project("{8BC9CEB8-8B4A-11D0-8D11-00A0C91BC942}") = "입출력try2", "입출력try2\입출력try2.vcxproj", "{42126366-DE2B-44E4-80EA-F4F90DB23459}"
EndProject
Project("{8BC9CEB8-8B4A-11D0-8D11-00A0C91BC942}") = "string_filtering", "string_filtering\string_filtering.vcxproj", "{D84521B7-2BB3-47D6-8250-C57C6F7220C6}"
EndProject
Project("{8BC9CEB8-8B4A-11D0-8D11-00A0C91BC942}") = "scanfs", "scanfs\scanfs.vcxproj", "{244F424F-4E7A-4988-AABE-77745D3FAABF}"
EndProject
Global
	GlobalSection(SolutionConfigurationPlatforms) = preSolution
		Debug|x64 = Debug|x64
		Debug|x86 = Debug|x86
		Release|x64 = Release|x64
		Release|x86 = Release|x86
	EndGlobalSection
	GlobalSection(ProjectConfigurationPlatforms) = postSolution
		{F5782E6A-883A-43E6-BF96-1233750AD422}.Debug|x64.ActiveCfg = Debug|x64
		{F5782E6A-883A-43E6-BF96-1233750AD422}.Debug|x64.Build.0 = Debug|x64
		{F5782E6A-883A-43E6-BF96-1233750AD422}.Debug|x86.ActiveCfg = Debug|Win32
		{F5782E6A-883A-43E6-BF96-1233750AD422}.Debug|x86.Build.0 = Debug|Win32
		{F5782E6A-883A-43E6-BF96-1233750AD422}.Release|x64.ActiveCfg = Release|x64
		{F5782E6A-883A-43E6-BF96-1233750AD422}.Release|x64.Build.0 = Release|x64
		{F5782E6A-883A-43E6-BF96-1233750AD422}.Release|x86.ActiveCfg = Release|Win32
		{F5782E6A-883A-43E6-BF96-1233750AD422}.Release|x86.Build.0 = Release|Win32
		{F304F41F-2127-457B-9F07-9E746BD2C931}.Debug|x64.ActiveCfg = Debug|x64
		{F304F41F-2127-457B-9F07-9E746BD2C931}.Debug|x64.Build.0 = Debug|x64
		{F304F41F-2127-457B-9F07-9E746BD2C931}.Debug|x86.ActiveCfg = Debug|Win32
		{F304F41F-2127-457B-9F07-9E746BD2C931}.Debug|x86.Build.0 = Debug|Win32
		{F304F41F-2127-457B-9F07-9E746BD2C931}.Release|x64.ActiveCfg = Release|x64
		{F304F41F-2127-457B-9F07-9E746BD2C931}.Release|x64.Build.0 = Release|x64
		{F304F41F-2127-457B-9F07-9E746BD2C931}.Release|x86.ActiveCfg = Release|Win32
		{F304F41F-2127-457B-9F07-9E746BD2C931}.Release|x86.Build.0 = Release|Win32
		{A7254D27-9A33-4E72-AED7-46D564039437}.Debug|x64.ActiveCfg = Debug|x64
		{A7254D27-9A33-4E72-AED7-46D564039437}.Debug|x64.Build.0 = Debug|x64
		{A7254D27-9A33-4E72-AED7-46D564039437}.Debug|x86.ActiveCfg = Debug|Win32
		{A7254D27-9A33-4E72-AED7-46D564039437}.Debug|x86.Build.0 = Debug|Win32
		{A7254D27-9A33-4E72-AED7-46D564039437}.Release|x64.ActiveCfg = Release|x64
		{A7254D27-9A33-4E72-AED7-46D564039437}.Release|x64.Build.0 = Release|x64
		{A7254D27-9A33-4E72-AED7-46D564039437}.Release|x86.ActiveCfg = Release|Win32
		{A7254D27-9A33-4E72-AED7-46D564039437}.Release|x86.Build.0 = Release|Win32
		{87CCA95B-90A3-4AA1-8DA4-3CC1B66DFC51}.Debug|x64.ActiveCfg = Debug|x64
		{87CCA95B-90A3-4AA1-8DA4-3CC1B66DFC51}.Debug|x64.Build.0 = Debug|x64
		{87CCA95B-90A3-4AA1-8DA4-3CC1B66DFC51}.Debug|x86.ActiveCfg = Debug|Win32
		{87CCA95B-90A3-4AA1-8DA4-3CC1B66DFC51}.Debug|x86.Build.0 = Debug|Win32
		{87CCA95B-90A3-4AA1-8DA4-3CC1B66DFC51}.Release|x64.ActiveCfg = Release|x64
		{87CCA95B-90A3-4AA1-8DA4-3CC1B66DFC51}.Release|x64.Build.0 = Release|x64
		{87CCA95B-90A3-4AA1-8DA4-3CC1B66DFC51}.Release|x86.ActiveCfg = Release|Win32
		{87CCA95B-90A3-4AA1-8DA4-3CC1B66DFC51}.Release|x86.Build.0 = Release|Win32
		{D6EE7870-D891-424A-B91E-C737AD6BB836}.Debug|x64.ActiveCfg = Debug|x64
		{D6EE7870-D891-424A-B91E-C737AD6BB836}.Debug|x64.Build.0 = Debug|x64
		{D6EE7870-D891-424A-B91E-C737AD6BB836}.Debug|x86.ActiveCfg = Debug|Win32
		{D6EE7870-D891-424A-B91E-C737AD6BB836}.Debug|x86.Build.0 = Debug|Win32
		{D6EE7870-D891-424A-B91E-C737AD6BB836}.Release|x64.ActiveCfg = Release|x64
		{D6EE7870-D891-424A-B91E-C737AD6BB836}.Release|x64.Build.0 = Release|x64
		{D6EE7870-D891-424A-B91E-C737AD6BB836}.Release|x86.ActiveCfg = Release|Win32
		{D6EE7870-D891-424A-B91E-C737AD6BB836}.Release|x86.Build.0 = Release|Win32
		{95533D85-0EA6-4249-88D5-9A8600ABB3B2}.Debug|x64.ActiveCfg = Debug|x64
		{95533D85-0EA6-4249-88D5-9A8600ABB3B2}.Debug|x64.Build.0 = Debug|x64
		{95533D85-0EA6-4249-88D5-9A8600ABB3B2}.Debug|x86.ActiveCfg = Debug|Win32
		{95533D85-0EA6-4249-88D5-9A8600ABB3B2}.Debug|x86.Build.0 = Debug|Win32
		{95533D85-0EA6-4249-88D5-9A8600ABB3B2}.Release|x64.ActiveCfg = Release|x64
		{95533D85-0EA6-4249-88D5-9A8600ABB3B2}.Release|x64.Build.0 = Release|x64
		{95533D85-0EA6-4249-88D5-9A8600ABB3B2}.Release|x86.ActiveCfg = Release|Win32
		{95533D85-0EA6-4249-88D5-9A8600ABB3B2}.Release|x86.Build.0 = Release|Win32
		{4CE06B31-E7C1-4099-B17B-2C61ECADE325}.Debug|x64.ActiveCfg = Debug|x64
		{4CE06B31-E7C1-4099-B17B-2C61ECADE325}.Debug|x64.Build.0 = Debug|x64
		{4CE06B31-E7C1-4099-B17B-2C61ECADE325}.Debug|x86.ActiveCfg = Debug|Win32
		{4CE06B31-E7C1-4099-B17B-2C61ECADE325}.Debug|x86.Build.0 = Debug|Win32
		{4CE06B31-E7C1-4099-B17B-2C61ECADE325}.Release|x64.ActiveCfg = Release|x64
		{4CE06B31-E7C1-4099-B17B-2C61ECADE325}.Release|x64.Build.0 = Release|x64
		{4CE06B31-E7C1-4099-B17B-2C61ECADE325}.Release|x86.ActiveCfg = Release|Win32
		{4CE06B31-E7C1-4099-B17B-2C61ECADE325}.Release|x86.Build.0 = Release|Win32
		{CF9468BC-0491-450F-95C5-7D45648453B9}.Debug|x64.ActiveCfg = Debug|x64
		{CF9468BC-0491-450F-95C5-7D45648453B9}.Debug|x64.Build.0 = Debug|x64
		{CF9468BC-0491-450F-95C5-7D45648453B9}.Debug|x86.ActiveCfg = Debug|Win32
		{CF9468BC-0491-450F-95C5-7D45648453B9}.Debug|x86.Build.0 = Debug|Win32
		{CF9468BC-0491-450F-95C5-7D45648453B9}.Release|x64.ActiveCfg = Release|x64
		{CF9468BC-0491-450F-95C5-7D45648453B9}.Release|x64.Build.0 = Release|x64
		{CF9468BC-0491-450F-95C5-7D45648453B9}.Release|x86.ActiveCfg = Release|Win32
		{CF9468BC-0491-450F-95C5-7D45648453B9}.Release|x86.Build.0 = Release|Win32
		{42126366-DE2B-44E4-80EA-F4F90DB23459}.Debug|x64.ActiveCfg = Debug|x64
		{42126366-DE2B-44E4-80EA-F4F90DB23459}.Debug|x64.Build.0 = Debug|x64
		{42126366-DE2B-44E4-80EA-F4F90DB23459}.Debug|x86.ActiveCfg = Debug|Win32
		{42126366-DE2B-44E4-80EA-F4F90DB23459}.Debug|x86.Build.0 = Debug|Win32
		{42126366-DE2B-44E4-80EA-F4F90DB23459}.Release|x64.ActiveCfg = Release|x64
		{42126366-DE2B-44E4-80EA-F4F90DB23459}.Release|x64.Build.0 = Release|x64
		{42126366-DE2B-44E4-80EA-F4F90DB23459}.Release|x86.ActiveCfg = Release|Win32
		{42126366-DE2B-44E4-80EA-F4F90DB23459}.Release|x86.Build.0 = Release|Win32
		{D84521B7-2BB3-47D6-8250-C57C6F7220C6}.Debug|x64.ActiveCfg = Debug|x64
		{D84521B7-2BB3-47D6-8250-C57C6F7220C6}.Debug|x64.Build.0 = Debug|x64
		{D84521B7-2BB3-47D6-8250-C57C6F7220C6}.Debug|x86.ActiveCfg = Debug|Win32
		{D84521B7-2BB3-47D6-8250-C57C6F7220C6}.Debug|x86.Build.0 = Debug|Win32
		{D84521B7-2BB3-47D6-8250-C57C6F7220C6}.Release|x64.ActiveCfg = Release|x64
		{D84521B7-2BB3-47D6-8250-C57C6F7220C6}.Release|x64.Build.0 = Release|x64
		{D84521B7-2BB3-47D6-8250-C57C6F7220C6}.Release|x86.ActiveCfg = Release|Win32
		{D84521B7-2BB3-47D6-8250-C57C6F7220C6}.Release|x86.Build.0 = Release|Win32
		{244F424F-4E7A-4988-AABE-77745D3FAABF}.Debug|x64.ActiveCfg = Debug|x64
		{244F424F-4E7A-4988-AABE-77745D3FAABF}.Debug|x64.Build.0 = Debug|x64
		{244F424F-4E7A-4988-AABE-77745D3FAABF}.Debug|x86.ActiveCfg = Debug|Win32
		{244F424F-4E7A-4988-AABE-77745D3FAABF}.Debug|x86.Build.0 = Debug|Win32
		{244F424F-4E7A-4988-AABE-77745D3FAABF}.Release|x64.ActiveCfg = Release|x64
		{244F424F-4E7A-4988-AABE-77745D3FAABF}.Release|x64.Build.0 = Release|x64
		{244F424F-4E7A-4988-AABE-77745D3FAABF}.Release|x86.ActiveCfg = Release|Win32
		{244F424F-4E7A-4988-AABE-77745D3FAABF}.Release|x86.Build.0 = Release|Win32
	EndGlobalSection
	GlobalSection(SolutionProperties) = preSolution
		HideSolutionNode = FALSE
	EndGlobalSection
	GlobalSection(NestedProjects) = preSolution
		{F5782E6A-883A-43E6-BF96-1233750AD422} = {C8D5274F-AC00-46C7-1F8D-E88E81087A52}
		{F304F41F-2127-457B-9F07-9E746BD2C931} = {C8D5274F-AC00-46C7-1F8D-E88E81087A52}
		{A7254D27-9A33-4E72-AED7-46D564039437} = {C8D5274F-AC00-46C7-1F8D-E88E81087A52}
		{87CCA95B-90A3-4AA1-8DA4-3CC1B66DFC51} = {C8D5274F-AC00-46C7-1F8D-E88E81087A52}
		{D6EE7870-D891-424A-B91E-C737AD6BB836} = {C8D5274F-AC00-46C7-1F8D-E88E81087A52}
		{95533D85-0EA6-4249-88D5-9A8600ABB3B2} = {C8D5274F-AC00-46C7-1F8D-E88E81087A52}
		{4CE06B31-E7C1-4099-B17B-2C61ECADE325} = {C8D5274F-AC00-46C7-1F8D-E88E81087A52}
		{31757F93-7CC8-476A-97B5-C6E3B8EA8318} = {C8D5274F-AC00-46C7-1F8D-E88E81087A52}
		{CF9468BC-0491-450F-95C5-7D45648453B9} = {31757F93-7CC8-476A-97B5-C6E3B8EA8318}
		{42126366-DE2B-44E4-80EA-F4F90DB23459} = {31757F93-7CC8-476A-97B5-C6E3B8EA8318}
		{D84521B7-2BB3-47D6-8250-C57C6F7220C6} = {C8D5274F-AC00-46C7-1F8D-E88E81087A52}
		{244F424F-4E7A-4988-AABE-77745D3FAABF} = {C8D5274F-AC00-46C7-1F8D-E88E81087A52}
	EndGlobalSection
	GlobalSection(ExtensibilityGlobals) = postSolution
		SolutionGuid = {C6A7695B-CFF9-4CEA-A1BD-0FCB1C2A878F}
	EndGlobalSection
EndGlobal
