
Microsoft Visual Studio Solution File, Format Version 12.00
# Visual Studio Version 17
VisualStudioVersion = 17.13.35825.156 d17.13
MinimumVisualStudioVersion = 10.0.40219.1
Project("{8BC9CEB8-8B4A-11D0-8D11-00A0C91BC942}") = "sol1", "Project1\Project1.vcxproj", "{526C2BAF-C66C-4032-9070-130D966313DF}"
EndProject
Project("{8BC9CEB8-8B4A-11D0-8D11-00A0C91BC942}") = "테스트", "테스트\테스트.vcxproj", "{AC8BA984-1097-4332-845D-1654BAB54B80}"
EndProject
Project("{8BC9CEB8-8B4A-11D0-8D11-00A0C91BC942}") = "sol2", "sol2\sol2.vcxproj", "{3F2E52DB-535C-44AE-B097-418B6A2B4768}"
EndProject
Project("{8BC9CEB8-8B4A-11D0-8D11-00A0C91BC942}") = "sol3", "sol3\sol3.vcxproj", "{E158B58E-3E44-4849-AA59-0E1EDD90EE65}"
EndProject
Project("{8BC9CEB8-8B4A-11D0-8D11-00A0C91BC942}") = "sol4", "sol4\sol4.vcxproj", "{41E829D0-C6A3-413F-B629-72F7277BEECA}"
EndProject
Global
	GlobalSection(SolutionConfigurationPlatforms) = preSolution
		Debug|x64 = Debug|x64
		Debug|x86 = Debug|x86
		Release|x64 = Release|x64
		Release|x86 = Release|x86
	EndGlobalSection
	GlobalSection(ProjectConfigurationPlatforms) = postSolution
		{526C2BAF-C66C-4032-9070-130D966313DF}.Debug|x64.ActiveCfg = Debug|x64
		{526C2BAF-C66C-4032-9070-130D966313DF}.Debug|x64.Build.0 = Debug|x64
		{526C2BAF-C66C-4032-9070-130D966313DF}.Debug|x86.ActiveCfg = Debug|Win32
		{526C2BAF-C66C-4032-9070-130D966313DF}.Debug|x86.Build.0 = Debug|Win32
		{526C2BAF-C66C-4032-9070-130D966313DF}.Release|x64.ActiveCfg = Release|x64
		{526C2BAF-C66C-4032-9070-130D966313DF}.Release|x64.Build.0 = Release|x64
		{526C2BAF-C66C-4032-9070-130D966313DF}.Release|x86.ActiveCfg = Release|Win32
		{526C2BAF-C66C-4032-9070-130D966313DF}.Release|x86.Build.0 = Release|Win32
		{AC8BA984-1097-4332-845D-1654BAB54B80}.Debug|x64.ActiveCfg = Debug|x64
		{AC8BA984-1097-4332-845D-1654BAB54B80}.Debug|x64.Build.0 = Debug|x64
		{AC8BA984-1097-4332-845D-1654BAB54B80}.Debug|x86.ActiveCfg = Debug|Win32
		{AC8BA984-1097-4332-845D-1654BAB54B80}.Debug|x86.Build.0 = Debug|Win32
		{AC8BA984-1097-4332-845D-1654BAB54B80}.Release|x64.ActiveCfg = Release|x64
		{AC8BA984-1097-4332-845D-1654BAB54B80}.Release|x64.Build.0 = Release|x64
		{AC8BA984-1097-4332-845D-1654BAB54B80}.Release|x86.ActiveCfg = Release|Win32
		{AC8BA984-1097-4332-845D-1654BAB54B80}.Release|x86.Build.0 = Release|Win32
		{3F2E52DB-535C-44AE-B097-418B6A2B4768}.Debug|x64.ActiveCfg = Debug|x64
		{3F2E52DB-535C-44AE-B097-418B6A2B4768}.Debug|x64.Build.0 = Debug|x64
		{3F2E52DB-535C-44AE-B097-418B6A2B4768}.Debug|x86.ActiveCfg = Debug|Win32
		{3F2E52DB-535C-44AE-B097-418B6A2B4768}.Debug|x86.Build.0 = Debug|Win32
		{3F2E52DB-535C-44AE-B097-418B6A2B4768}.Release|x64.ActiveCfg = Release|x64
		{3F2E52DB-535C-44AE-B097-418B6A2B4768}.Release|x64.Build.0 = Release|x64
		{3F2E52DB-535C-44AE-B097-418B6A2B4768}.Release|x86.ActiveCfg = Release|Win32
		{3F2E52DB-535C-44AE-B097-418B6A2B4768}.Release|x86.Build.0 = Release|Win32
		{E158B58E-3E44-4849-AA59-0E1EDD90EE65}.Debug|x64.ActiveCfg = Debug|x64
		{E158B58E-3E44-4849-AA59-0E1EDD90EE65}.Debug|x64.Build.0 = Debug|x64
		{E158B58E-3E44-4849-AA59-0E1EDD90EE65}.Debug|x86.ActiveCfg = Debug|Win32
		{E158B58E-3E44-4849-AA59-0E1EDD90EE65}.Debug|x86.Build.0 = Debug|Win32
		{E158B58E-3E44-4849-AA59-0E1EDD90EE65}.Release|x64.ActiveCfg = Release|x64
		{E158B58E-3E44-4849-AA59-0E1EDD90EE65}.Release|x64.Build.0 = Release|x64
		{E158B58E-3E44-4849-AA59-0E1EDD90EE65}.Release|x86.ActiveCfg = Release|Win32
		{E158B58E-3E44-4849-AA59-0E1EDD90EE65}.Release|x86.Build.0 = Release|Win32
		{41E829D0-C6A3-413F-B629-72F7277BEECA}.Debug|x64.ActiveCfg = Debug|x64
		{41E829D0-C6A3-413F-B629-72F7277BEECA}.Debug|x64.Build.0 = Debug|x64
		{41E829D0-C6A3-413F-B629-72F7277BEECA}.Debug|x86.ActiveCfg = Debug|Win32
		{41E829D0-C6A3-413F-B629-72F7277BEECA}.Debug|x86.Build.0 = Debug|Win32
		{41E829D0-C6A3-413F-B629-72F7277BEECA}.Release|x64.ActiveCfg = Release|x64
		{41E829D0-C6A3-413F-B629-72F7277BEECA}.Release|x64.Build.0 = Release|x64
		{41E829D0-C6A3-413F-B629-72F7277BEECA}.Release|x86.ActiveCfg = Release|Win32
		{41E829D0-C6A3-413F-B629-72F7277BEECA}.Release|x86.Build.0 = Release|Win32
	EndGlobalSection
	GlobalSection(SolutionProperties) = preSolution
		HideSolutionNode = FALSE
	EndGlobalSection
	GlobalSection(ExtensibilityGlobals) = postSolution
		SolutionGuid = {9827F019-67DB-42CE-95E5-18F04FEE3488}
	EndGlobalSection
EndGlobal
